
Microsoft Visual Studio Solution File, Format Version 12.00
# Visual Studio Version 17
VisualStudioVersion = 17.14.36401.2 d17.14
MinimumVisualStudioVersion = 10.0.40219.1
Project("{FAE04EC0-301F-11D3-BF4B-00C04F79EFBC}") = "Evaluacion Tecnica Web", "Evaluacion Tecnica Web\Evaluacion Tecnica Web.csproj", "{2ECEE076-339E-40B5-BFD8-CFD464F9D60B}"
EndProject
Global
	GlobalSection(SolutionConfigurationPlatforms) = preSolution
		Debug|Any CPU = Debug|Any CPU
		Release|Any CPU = Release|Any CPU
	EndGlobalSection
	GlobalSection(ProjectConfigurationPlatforms) = postSolution
		{2ECEE076-339E-40B5-BFD8-CFD464F9D60B}.Debug|Any CPU.ActiveCfg = Debug|Any CPU
		{2ECEE076-339E-40B5-BFD8-CFD464F9D60B}.Debug|Any CPU.Build.0 = Debug|Any CPU
		{2ECEE076-339E-40B5-BFD8-CFD464F9D60B}.Release|Any CPU.ActiveCfg = Release|Any CPU
		{2ECEE076-339E-40B5-BFD8-CFD464F9D60B}.Release|Any CPU.Build.0 = Release|Any CPU
	EndGlobalSection
	GlobalSection(SolutionProperties) = preSolution
		HideSolutionNode = FALSE
	EndGlobalSection
	GlobalSection(ExtensibilityGlobals) = postSolution
		SolutionGuid = {6E244AA7-DCCA-492D-86ED-33609E0047BB}
	EndGlobalSection
EndGlobal
